{
  "name": "npm-mashg'ulot-2",
  "version": "1.0.0",
  "lockfileVersion": 3,
  "requires": true,
  "packages": {
    "": {
      "name": "npm-mashg'ulot-2",
      "version": "1.0.0",
      "license": "ISC",
      "dependencies": {
        "chegirma-bonus-aktsiya": "^1.0.0"
      }
    },
    "node_modules/chegirma-bonus-aktsiya": {
      "version": "1.0.0",
      "resolved": "https://registry.npmjs.org/chegirma-bonus-aktsiya/-/chegirma-bonus-aktsiya-1.0.0.tgz",
      "integrity": "sha512-UAQFfDgd167uqO5TonVzU8qjfo1sSukcIOpk5DqiKWwuiK8Vg+Bq8wWzzZxZd3yCM0nINiOGFlkYtilHPWSq9w=="
    }
  }
}
